{
    "_readme": [
        "This file locks the dependencies of your project to a known state",
        "Read more about it at http://getcomposer.org/doc/01-basic-usage.md#composer-lock-the-lock-file",
        "This file is @generated automatically"
    ],
    "hash": "911987178816a0d3e630163e25a2c8fe",
    "packages": [
        {
            "name": "cr0t/yiidebugtb",
            "version": "dev-master",
            "source": {
                "type": "git",
                "url": "https://github.com/cr0t/yiidebugtb.git",
                "reference": "959d92c5a2fa10b81bd58f10ff630dda88fa1998"
            },
            "dist": {
                "type": "zip",
                "url": "https://api.github.com/repos/cr0t/yiidebugtb/zipball/959d92c5a2fa10b81bd58f10ff630dda88fa1998",
                "reference": "959d92c5a2fa10b81bd58f10ff630dda88fa1998",
                "shasum": ""
            },
            "require": {
                "yiisoft/yii": "*"
            },
            "type": "library",
            "autoload": {
                "classmap": [
                    "XWebDebugRouter.php"
                ]
            },
            "notification-url": "https://packagist.org/downloads/",
            "license": [
                "proprietary"
            ],
            "time": "2014-05-08 10:43:34"
        },
        {
            "name": "drmabuse/yii-bootstrap-3-module",
            "version": "dev-master",
            "source": {
                "type": "git",
                "url": "https://bitbucket.org/DrMabuse/yii-bootstrap-3-module.git",
                "reference": "f76561fffd1d71a3f8372e70519a631440bbd45c"
            },
            "dist": {
                "type": "zip",
                "url": "https://bitbucket.org/DrMabuse/yii-bootstrap-3-module/get/f76561fffd1d71a3f8372e70519a631440bbd45c.zip",
                "reference": "f76561fffd1d71a3f8372e70519a631440bbd45c",
                "shasum": ""
            },
            "require": {
                "php": ">=5.3.0"
            },
            "type": "library",
            "notification-url": "https://packagist.org/downloads/",
            "license": [
                "BSD-3-Clause"
            ],
            "authors": [
                {
                    "name": "Pascal Brewing",
                    "email": "pascalbrewing@gmail.com",
                    "homepage": "http://pascal-brewing.de/",
                    "role": "Founder and development"
                }
            ],
            "description": "Yii Web Widgets",
            "homepage": "https://bitbucket.org/DrMabuse/yii-bootstrap-3-module",
            "keywords": [
                "bootstrap",
                "extension",
                "framework",
                "yii"
            ],
            "time": "2014-07-04 08:46:57"
        },
        {
            "name": "itmages/lightopenid",
            "version": "v1.0.1",
            "source": {
                "type": "git",
                "url": "https://github.com/itmages/lightopenid.git",
                "reference": "1c9c15e780381bdf93e7b6817353caf460a67368"
            },
            "dist": {
                "type": "zip",
                "url": "https://api.github.com/repos/itmages/lightopenid/zipball/1c9c15e780381bdf93e7b6817353caf460a67368",
                "reference": "1c9c15e780381bdf93e7b6817353caf460a67368",
                "shasum": ""
            },
            "type": "library",
            "autoload": {
                "classmap": [
                    "src/"
                ]
            },
            "notification-url": "https://packagist.org/downloads/",
            "license": [
                "MIT"
            ],
            "authors": [
                {
                    "name": "Mewp"
                }
            ],
            "description": "An PHP 5 library for easy openid authentication. Works only as a consumer.",
            "homepage": "http://gitorious.org/lightopenid",
            "time": "2013-08-20 17:26:36"
        },
        {
            "name": "itmages/yii-eoauth",
            "version": "v1.0.1",
            "source": {
                "type": "git",
                "url": "https://github.com/itmages/yii-eoauth.git",
                "reference": "68bc83f243fb1632865db92cab8c482ac6db52e0"
            },
            "dist": {
                "type": "zip",
                "url": "https://api.github.com/repos/itmages/yii-eoauth/zipball/68bc83f243fb1632865db92cab8c482ac6db52e0",
                "reference": "68bc83f243fb1632865db92cab8c482ac6db52e0",
                "shasum": ""
            },
            "type": "library",
            "autoload": {
                "classmap": [
                    "src/"
                ]
            },
            "notification-url": "https://packagist.org/downloads/",
            "license": [
                "MIT"
            ],
            "authors": [
                {
                    "name": "Jorge Barata González"
                }
            ],
            "description": "Yii Framework Extension. EOAuthUserIdentity class implements IUserIdentity Yii interface and the OAuth protocol to authenticate a user. Based on Google's software.",
            "homepage": "http://www.yiiframework.com/extension/eoauth/",
            "time": "2013-08-20 17:25:55"
        },
        {
            "name": "nodge/yii-eauth",
            "version": "dev-master",
            "source": {
                "type": "git",
                "url": "https://github.com/Nodge/yii-eauth.git",
                "reference": "3dc054724e1c42af0896f38ce9f4c18e88c3a64d"
            },
            "dist": {
                "type": "zip",
                "url": "https://api.github.com/repos/Nodge/yii-eauth/zipball/3dc054724e1c42af0896f38ce9f4c18e88c3a64d",
                "reference": "3dc054724e1c42af0896f38ce9f4c18e88c3a64d",
                "shasum": ""
            },
            "require": {
                "itmages/lightopenid": "@stable",
                "itmages/yii-eoauth": "@stable",
                "php": ">=5.3.0"
            },
            "type": "library",
            "autoload": {
                "classmap": [
                    "."
                ]
            },
            "notification-url": "https://packagist.org/downloads/",
            "license": [
                "BSD 2-Clause License"
            ],
            "authors": [
                {
                    "name": "Maxim Zemskov",
                    "email": "nodge@yandex.ru",
                    "homepage": "http://nodge.ru/"
                }
            ],
            "description": "EAuth extension allows to authenticate users by the OpenID, OAuth 1.0 and OAuth 2.0 providers.",
            "homepage": "https://github.com/Nodge/yii-eauth",
            "time": "2014-07-14 19:05:35"
        },
        {
            "name": "starship/restfullyii",
            "version": "dev-master",
            "source": {
                "type": "git",
                "url": "https://github.com/evan108108/RESTFullYii.git",
                "reference": "cbd0ea5aecb451cd7d2d7af6b1e58d7e7dd57174"
            },
            "dist": {
                "type": "zip",
                "url": "https://api.github.com/repos/evan108108/RESTFullYii/zipball/cbd0ea5aecb451cd7d2d7af6b1e58d7e7dd57174",
                "reference": "cbd0ea5aecb451cd7d2d7af6b1e58d7e7dd57174",
                "shasum": ""
            },
            "require": {
                "php": ">=5.4.0"
            },
            "type": "library",
            "notification-url": "https://packagist.org/downloads/",
            "license": [
                "WTFPL"
            ],
            "authors": [
                {
                    "name": "Evan Frohlich",
                    "email": "evan108108@gmail.com"
                },
                {
                    "name": "goliatone"
                },
                {
                    "name": "ubin"
                },
                {
                    "name": "jlsalvador"
                },
                {
                    "name": "ericmcgill"
                },
                {
                    "name": "stianlik"
                },
                {
                    "name": "kachar"
                },
                {
                    "name": "drLev"
                },
                {
                    "name": "sheershoff"
                },
                {
                    "name": "Arne-S"
                },
                {
                    "name": "amesmoey"
                },
                {
                    "name": "eligundry"
                },
                {
                    "name": "rominawnc"
                }
            ],
            "description": "RESTFull API for your Yii application",
            "homepage": "https://github.com/evan108108/RESTFullYii",
            "keywords": [
                "api",
                "rest",
                "restfull",
                "yii"
            ],
            "time": "2014-07-16 15:45:40"
        },
        {
            "name": "yiiext/nested-set-behavior",
            "version": "dev-master",
            "source": {
                "type": "git",
                "url": "https://github.com/yiiext/nested-set-behavior.git",
                "reference": "89dec5030c5fe8e407e0b352844ac2ad473a5c4b"
            },
            "dist": {
                "type": "zip",
                "url": "https://api.github.com/repos/yiiext/nested-set-behavior/zipball/89dec5030c5fe8e407e0b352844ac2ad473a5c4b",
                "reference": "89dec5030c5fe8e407e0b352844ac2ad473a5c4b",
                "shasum": ""
            },
            "require": {
                "php": ">=5.1.0"
            },
            "type": "yii-extension",
            "notification-url": "https://packagist.org/downloads/",
            "license": [
                "BSD-3-Clause"
            ],
            "authors": [
                {
                    "name": "Alexander Kochetov",
                    "email": "creocoder@gmail.com"
                }
            ],
            "description": "AR models behavior that allows to work with nested sets tree.",
            "homepage": "https://github.com/yiiext/nested-set-behavior",
            "keywords": [
                "extension",
                "nested set",
                "yii"
            ],
            "time": "2014-04-15 10:23:00"
        },
        {
            "name": "yiisoft/yii",
            "version": "dev-master",
            "source": {
                "type": "git",
                "url": "https://github.com/yiisoft/yii.git",
                "reference": "1731acf8e2c0a1dcb8755268e409fec972ac39f4"
            },
            "dist": {
                "type": "zip",
                "url": "https://api.github.com/repos/yiisoft/yii/zipball/1731acf8e2c0a1dcb8755268e409fec972ac39f4",
                "reference": "1731acf8e2c0a1dcb8755268e409fec972ac39f4",
                "shasum": ""
            },
            "require": {
                "php": ">=5.1.0"
            },
            "bin": [
                "framework/yiic"
            ],
            "type": "library",
            "notification-url": "https://packagist.org/downloads/",
            "license": [
                "BSD-3-Clause"
            ],
            "authors": [
                {
                    "name": "Qiang Xue",
                    "email": "qiang.xue@gmail.com",
                    "homepage": "http://www.yiiframework.com/",
                    "role": "Founder and project lead"
                },
                {
                    "name": "Alexander Makarov",
                    "email": "sam@rmcreative.ru",
                    "homepage": "http://rmcreative.ru/",
                    "role": "Core framework development"
                },
                {
                    "name": "Maurizio Domba",
                    "homepage": "http://mdomba.info/",
                    "role": "Core framework development"
                },
                {
                    "name": "Carsten Brandt",
                    "email": "mail@cebe.cc",
                    "homepage": "http://cebe.cc/",
                    "role": "Core framework development"
                },
                {
                    "name": "Wei Zhuo",
                    "email": "weizhuo@gmail.com",
                    "role": "Project site maintenance and development"
                },
                {
                    "name": "Sebastián Thierer",
                    "email": "sebas@artfos.com",
                    "role": "Component development"
                },
                {
                    "name": "Jeffrey Winesett",
                    "email": "jefftulsa@gmail.com",
                    "role": "Documentation and marketing"
                },
                {
                    "name": "Timur Ruziev",
                    "email": "resurtm@gmail.com",
                    "homepage": "http://resurtm.com/",
                    "role": "Core framework development"
                },
                {
                    "name": "Paul Klimov",
                    "email": "klimov.paul@gmail.com",
                    "role": "Core framework development"
                }
            ],
            "description": "Yii Web Programming Framework",
            "homepage": "http://www.yiiframework.com/",
            "keywords": [
                "framework",
                "yii"
            ],
            "time": "2014-07-19 10:55:59"
        }
    ],
    "packages-dev": [
        {
            "name": "fzaninotto/faker",
            "version": "v1.4.0",
            "source": {
                "type": "git",
                "url": "https://github.com/fzaninotto/Faker.git",
                "reference": "010c7efedd88bf31141a02719f51fb44c732d5a0"
            },
            "dist": {
                "type": "zip",
                "url": "https://api.github.com/repos/fzaninotto/Faker/zipball/010c7efedd88bf31141a02719f51fb44c732d5a0",
                "reference": "010c7efedd88bf31141a02719f51fb44c732d5a0",
                "shasum": ""
            },
            "require": {
                "php": ">=5.3.3"
            },
            "require-dev": {
                "phpunit/phpunit": "~4.0",
                "squizlabs/php_codesniffer": "~1.5"
            },
            "type": "library",
            "extra": {
                "branch-alias": []
            },
            "autoload": {
                "psr-0": {
                    "Faker": "src/",
                    "Faker\\PHPUnit": "test/"
                }
            },
            "notification-url": "https://packagist.org/downloads/",
            "license": [
                "MIT"
            ],
            "authors": [
                {
                    "name": "François Zaninotto"
                }
            ],
            "description": "Faker is a PHP library that generates fake data for you.",
            "keywords": [
                "data",
                "faker",
                "fixtures"
            ],
            "time": "2014-06-04 14:43:02"
        }
    ],
    "aliases": [],
    "minimum-stability": "stable",
    "stability-flags": {
        "yiisoft/yii": 20,
        "cr0t/yiidebugtb": 20,
        "drmabuse/yii-bootstrap-3-module": 20,
        "starship/restfullyii": 20,
        "nodge/yii-eauth": 20,
        "yiiext/nested-set-behavior": 20
    },
    "prefer-stable": false,
    "platform": {
        "php": ">=5.4.0"
    },
    "platform-dev": []
}
